
Microsoft Visual Studio Solution File, Format Version 12.00
# Visual Studio Version 17
VisualStudioVersion = 17.5.33627.172
MinimumVisualStudioVersion = 10.0.40219.1
Project("{FAE04EC0-301F-11D3-BF4B-00C04F79EFBC}") = "JornadaNET", "JornadaNET\JornadaNET.csproj", "{D2DB54D6-74E9-40B1-85BE-47B48A9808EB}"
EndProject
Global
	GlobalSection(SolutionConfigurationPlatforms) = preSolution
		Debug|Any CPU = Debug|Any CPU
		Release|Any CPU = Release|Any CPU
	EndGlobalSection
	GlobalSection(ProjectConfigurationPlatforms) = postSolution
		{D2DB54D6-74E9-40B1-85BE-47B48A9808EB}.Debug|Any CPU.ActiveCfg = Debug|Any CPU
		{D2DB54D6-74E9-40B1-85BE-47B48A9808EB}.Debug|Any CPU.Build.0 = Debug|Any CPU
		{D2DB54D6-74E9-40B1-85BE-47B48A9808EB}.Release|Any CPU.ActiveCfg = Release|Any CPU
		{D2DB54D6-74E9-40B1-85BE-47B48A9808EB}.Release|Any CPU.Build.0 = Release|Any CPU
	EndGlobalSection
	GlobalSection(SolutionProperties) = preSolution
		HideSolutionNode = FALSE
	EndGlobalSection
	GlobalSection(ExtensibilityGlobals) = postSolution
		SolutionGuid = {D1E936A9-03C8-4FA4-85FD-4E71C31FCF64}
	EndGlobalSection
EndGlobal
